
Microsoft Visual Studio Solution File, Format Version 12.00
# Visual Studio 15
VisualStudioVersion = 15.0.27130.2036
MinimumVisualStudioVersion = 10.0.40219.1
Project("{2150E333-8FDC-42A3-9474-1A3956D46DE8}") = "Tests", "Tests", "{1D7A3FFE-0639-45AD-B6A3-7FBA2BB00858}"
EndProject
Project("{FAE04EC0-301F-11D3-BF4B-00C04F79EFBC}") = "ByteDev.PwnedPasswords.IntTests", "ByteDev.PwnedPasswords.IntTests\ByteDev.PwnedPasswords.IntTests.csproj", "{FCDFFCC7-39D6-4106-85FE-A8FE40A55FC0}"
EndProject
Project("{FAE04EC0-301F-11D3-BF4B-00C04F79EFBC}") = "ByteDev.PwnedPasswords.UnitTests", "ByteDev.PwnedPasswords.UnitTests\ByteDev.PwnedPasswords.UnitTests.csproj", "{A6E623F1-DC39-437F-B3D1-42AB338F4C54}"
EndProject
Project("{2150E333-8FDC-42A3-9474-1A3956D46DE8}") = "Docs", "Docs", "{DCB717F4-14E0-4C0F-9C15-CD49662B3EE8}"
	ProjectSection(SolutionItems) = preProject
		..\readme.md = ..\readme.md
	EndProjectSection
EndProject
Project("{FAE04EC0-301F-11D3-BF4B-00C04F79EFBC}") = "ByteDev.PwnedPasswords", "ByteDev.PwnedPasswords\ByteDev.PwnedPasswords.csproj", "{9796FBFB-EEF6-4CEB-9840-A12F737FE48B}"
EndProject
Global
	GlobalSection(SolutionConfigurationPlatforms) = preSolution
		Debug|Any CPU = Debug|Any CPU
		Release|Any CPU = Release|Any CPU
	EndGlobalSection
	GlobalSection(ProjectConfigurationPlatforms) = postSolution
		{FCDFFCC7-39D6-4106-85FE-A8FE40A55FC0}.Debug|Any CPU.ActiveCfg = Debug|Any CPU
		{FCDFFCC7-39D6-4106-85FE-A8FE40A55FC0}.Debug|Any CPU.Build.0 = Debug|Any CPU
		{FCDFFCC7-39D6-4106-85FE-A8FE40A55FC0}.Release|Any CPU.ActiveCfg = Release|Any CPU
		{FCDFFCC7-39D6-4106-85FE-A8FE40A55FC0}.Release|Any CPU.Build.0 = Release|Any CPU
		{A6E623F1-DC39-437F-B3D1-42AB338F4C54}.Debug|Any CPU.ActiveCfg = Debug|Any CPU
		{A6E623F1-DC39-437F-B3D1-42AB338F4C54}.Debug|Any CPU.Build.0 = Debug|Any CPU
		{A6E623F1-DC39-437F-B3D1-42AB338F4C54}.Release|Any CPU.ActiveCfg = Release|Any CPU
		{A6E623F1-DC39-437F-B3D1-42AB338F4C54}.Release|Any CPU.Build.0 = Release|Any CPU
		{9796FBFB-EEF6-4CEB-9840-A12F737FE48B}.Debug|Any CPU.ActiveCfg = Debug|Any CPU
		{9796FBFB-EEF6-4CEB-9840-A12F737FE48B}.Debug|Any CPU.Build.0 = Debug|Any CPU
		{9796FBFB-EEF6-4CEB-9840-A12F737FE48B}.Release|Any CPU.ActiveCfg = Release|Any CPU
		{9796FBFB-EEF6-4CEB-9840-A12F737FE48B}.Release|Any CPU.Build.0 = Release|Any CPU
	EndGlobalSection
	GlobalSection(SolutionProperties) = preSolution
		HideSolutionNode = FALSE
	EndGlobalSection
	GlobalSection(NestedProjects) = preSolution
		{FCDFFCC7-39D6-4106-85FE-A8FE40A55FC0} = {1D7A3FFE-0639-45AD-B6A3-7FBA2BB00858}
		{A6E623F1-DC39-437F-B3D1-42AB338F4C54} = {1D7A3FFE-0639-45AD-B6A3-7FBA2BB00858}
	EndGlobalSection
	GlobalSection(ExtensibilityGlobals) = postSolution
		SolutionGuid = {1386E7D5-09A4-4628-B318-476CC4153BA1}
	EndGlobalSection
EndGlobal
